
Microsoft Visual Studio Solution File, Format Version 12.00
# Visual Studio Version 17
VisualStudioVersion = 17.5.002.0
MinimumVisualStudioVersion = 10.0.40219.1
Project("{9A19103F-16F7-4668-BE54-9A1E7A4F7556}") = "Spike.EFCore9TemporalTable", "Spike.EFCore9TemporalTable.csproj", "{B089D9E3-5BA2-488A-93CF-F419A53261F7}"
EndProject
Global
	GlobalSection(SolutionConfigurationPlatforms) = preSolution
		Debug|Any CPU = Debug|Any CPU
		Release|Any CPU = Release|Any CPU
	EndGlobalSection
	GlobalSection(ProjectConfigurationPlatforms) = postSolution
		{B089D9E3-5BA2-488A-93CF-F419A53261F7}.Debug|Any CPU.ActiveCfg = Debug|Any CPU
		{B089D9E3-5BA2-488A-93CF-F419A53261F7}.Debug|Any CPU.Build.0 = Debug|Any CPU
		{B089D9E3-5BA2-488A-93CF-F419A53261F7}.Release|Any CPU.ActiveCfg = Release|Any CPU
		{B089D9E3-5BA2-488A-93CF-F419A53261F7}.Release|Any CPU.Build.0 = Release|Any CPU
	EndGlobalSection
	GlobalSection(SolutionProperties) = preSolution
		HideSolutionNode = FALSE
	EndGlobalSection
	GlobalSection(ExtensibilityGlobals) = postSolution
		SolutionGuid = {4BB4B692-1DD3-44B6-AAF8-9AC6C66E4B4D}
	EndGlobalSection
EndGlobal
